
Microsoft Visual Studio Solution File, Format Version 12.00
# Visual Studio Version 16
VisualStudioVersion = 16.0.32413.511
MinimumVisualStudioVersion = 10.0.40219.1
Project("{FAE04EC0-301F-11D3-BF4B-00C04F79EFBC}") = "GameServer", "GameServer\GameServer.csproj", "{87D76EE1-9081-4053-85F8-A2A78F45CB03}"
EndProject
Global
	GlobalSection(SolutionConfigurationPlatforms) = preSolution
		Debug|Any CPU = Debug|Any CPU
		Release|Any CPU = Release|Any CPU
	EndGlobalSection
	GlobalSection(ProjectConfigurationPlatforms) = postSolution
		{87D76EE1-9081-4053-85F8-A2A78F45CB03}.Debug|Any CPU.ActiveCfg = Debug|Any CPU
		{87D76EE1-9081-4053-85F8-A2A78F45CB03}.Debug|Any CPU.Build.0 = Debug|Any CPU
		{87D76EE1-9081-4053-85F8-A2A78F45CB03}.Release|Any CPU.ActiveCfg = Release|Any CPU
		{87D76EE1-9081-4053-85F8-A2A78F45CB03}.Release|Any CPU.Build.0 = Release|Any CPU
	EndGlobalSection
	GlobalSection(SolutionProperties) = preSolution
		HideSolutionNode = FALSE
	EndGlobalSection
	GlobalSection(ExtensibilityGlobals) = postSolution
		SolutionGuid = {723C92B0-76AA-423B-82C4-E439F1378C04}
	EndGlobalSection
EndGlobal
